
Microsoft Visual Studio Solution File, Format Version 12.00
# Visual Studio 2013
VisualStudioVersion = 12.0.21005.1
MinimumVisualStudioVersion = 10.0.40219.1
Project("{FAE04EC0-301F-11D3-BF4B-00C04F79EFBC}") = "ConferenceDudeWebHost", "ConferenceDudeWebHost\ConferenceDudeWebHost.csproj", "{46B28EA0-03C0-4235-BDDE-9CD4DEB85E36}"
EndProject
Project("{FAE04EC0-301F-11D3-BF4B-00C04F79EFBC}") = "ConferenceDude", "ConferenceDude\ConferenceDude.csproj", "{7997AC5A-AC8A-4824-9A90-F765F84C2116}"
EndProject
Project("{FAE04EC0-301F-11D3-BF4B-00C04F79EFBC}") = "ConferenceDudeServices", "ConferenceDudeServices\ConferenceDudeServices.csproj", "{51165F08-003D-45DC-BAA1-ABA84ECF4DD9}"
EndProject
Project("{FAE04EC0-301F-11D3-BF4B-00C04F79EFBC}") = "Contracts", "Contracts\Contracts.csproj", "{7698FD0A-A4D2-4034-990A-77ED3468AB52}"
EndProject
Project("{2150E333-8FDC-42A3-9474-1A3956D46DE8}") = "Client", "Client", "{4C825751-C540-4B2A-97F4-2E0D7B2D69F4}"
EndProject
Project("{2150E333-8FDC-42A3-9474-1A3956D46DE8}") = "Server", "Server", "{0F78A421-3A27-4D7B-B7EA-7C25D5F9BAB2}"
EndProject
Project("{FAE04EC0-301F-11D3-BF4B-00C04F79EFBC}") = "SpeakerModule", "SpeakerModule\SpeakerModule.csproj", "{363DD4A0-7018-45B5-B339-D2964D01C1F8}"
EndProject
Project("{FAE04EC0-301F-11D3-BF4B-00C04F79EFBC}") = "ConferenceServices", "ConferenceServices\ConferenceServices.csproj", "{176C4A33-5FEF-498A-80D4-4A332010D966}"
EndProject
Project("{FAE04EC0-301F-11D3-BF4B-00C04F79EFBC}") = "ServerHosting", "ServerHosting\ServerHosting.csproj", "{C466EF5D-DA4D-42EF-A72E-7D34FE9AC85C}"
EndProject
Project("{FAE04EC0-301F-11D3-BF4B-00C04F79EFBC}") = "ConferenceDudeSelfHost", "ConferenceDudeSelfHost\ConferenceDudeSelfHost.csproj", "{DCBE5758-6402-4B8F-9677-A7ECE26F4051}"
EndProject
Project("{2150E333-8FDC-42A3-9474-1A3956D46DE8}") = "Common", "Common", "{F17A4F5A-A7F2-4101-9664-D7DB90A38A6C}"
EndProject
Project("{FAE04EC0-301F-11D3-BF4B-00C04F79EFBC}") = "SharedContracts", "SharedContracts\SharedContracts.csproj", "{88F6A600-E42F-4C7F-A9CC-ABED852DD908}"
EndProject
Project("{FAE04EC0-301F-11D3-BF4B-00C04F79EFBC}") = "SharedUI", "SharedUI\SharedUI.csproj", "{E8C351C2-7352-478F-95DA-88B9C73765BC}"
EndProject
Global
	GlobalSection(SolutionConfigurationPlatforms) = preSolution
		Debug|Any CPU = Debug|Any CPU
		Release|Any CPU = Release|Any CPU
	EndGlobalSection
	GlobalSection(ProjectConfigurationPlatforms) = postSolution
		{46B28EA0-03C0-4235-BDDE-9CD4DEB85E36}.Debug|Any CPU.ActiveCfg = Debug|Any CPU
		{46B28EA0-03C0-4235-BDDE-9CD4DEB85E36}.Debug|Any CPU.Build.0 = Debug|Any CPU
		{46B28EA0-03C0-4235-BDDE-9CD4DEB85E36}.Release|Any CPU.ActiveCfg = Release|Any CPU
		{46B28EA0-03C0-4235-BDDE-9CD4DEB85E36}.Release|Any CPU.Build.0 = Release|Any CPU
		{7997AC5A-AC8A-4824-9A90-F765F84C2116}.Debug|Any CPU.ActiveCfg = Debug|Any CPU
		{7997AC5A-AC8A-4824-9A90-F765F84C2116}.Debug|Any CPU.Build.0 = Debug|Any CPU
		{7997AC5A-AC8A-4824-9A90-F765F84C2116}.Release|Any CPU.ActiveCfg = Release|Any CPU
		{7997AC5A-AC8A-4824-9A90-F765F84C2116}.Release|Any CPU.Build.0 = Release|Any CPU
		{51165F08-003D-45DC-BAA1-ABA84ECF4DD9}.Debug|Any CPU.ActiveCfg = Debug|Any CPU
		{51165F08-003D-45DC-BAA1-ABA84ECF4DD9}.Debug|Any CPU.Build.0 = Debug|Any CPU
		{51165F08-003D-45DC-BAA1-ABA84ECF4DD9}.Release|Any CPU.ActiveCfg = Release|Any CPU
		{51165F08-003D-45DC-BAA1-ABA84ECF4DD9}.Release|Any CPU.Build.0 = Release|Any CPU
		{7698FD0A-A4D2-4034-990A-77ED3468AB52}.Debug|Any CPU.ActiveCfg = Debug|Any CPU
		{7698FD0A-A4D2-4034-990A-77ED3468AB52}.Debug|Any CPU.Build.0 = Debug|Any CPU
		{7698FD0A-A4D2-4034-990A-77ED3468AB52}.Release|Any CPU.ActiveCfg = Release|Any CPU
		{7698FD0A-A4D2-4034-990A-77ED3468AB52}.Release|Any CPU.Build.0 = Release|Any CPU
		{363DD4A0-7018-45B5-B339-D2964D01C1F8}.Debug|Any CPU.ActiveCfg = Debug|Any CPU
		{363DD4A0-7018-45B5-B339-D2964D01C1F8}.Debug|Any CPU.Build.0 = Debug|Any CPU
		{363DD4A0-7018-45B5-B339-D2964D01C1F8}.Release|Any CPU.ActiveCfg = Release|Any CPU
		{363DD4A0-7018-45B5-B339-D2964D01C1F8}.Release|Any CPU.Build.0 = Release|Any CPU
		{176C4A33-5FEF-498A-80D4-4A332010D966}.Debug|Any CPU.ActiveCfg = Debug|Any CPU
		{176C4A33-5FEF-498A-80D4-4A332010D966}.Debug|Any CPU.Build.0 = Debug|Any CPU
		{176C4A33-5FEF-498A-80D4-4A332010D966}.Release|Any CPU.ActiveCfg = Release|Any CPU
		{176C4A33-5FEF-498A-80D4-4A332010D966}.Release|Any CPU.Build.0 = Release|Any CPU
		{C466EF5D-DA4D-42EF-A72E-7D34FE9AC85C}.Debug|Any CPU.ActiveCfg = Debug|Any CPU
		{C466EF5D-DA4D-42EF-A72E-7D34FE9AC85C}.Debug|Any CPU.Build.0 = Debug|Any CPU
		{C466EF5D-DA4D-42EF-A72E-7D34FE9AC85C}.Release|Any CPU.ActiveCfg = Release|Any CPU
		{C466EF5D-DA4D-42EF-A72E-7D34FE9AC85C}.Release|Any CPU.Build.0 = Release|Any CPU
		{DCBE5758-6402-4B8F-9677-A7ECE26F4051}.Debug|Any CPU.ActiveCfg = Debug|Any CPU
		{DCBE5758-6402-4B8F-9677-A7ECE26F4051}.Debug|Any CPU.Build.0 = Debug|Any CPU
		{DCBE5758-6402-4B8F-9677-A7ECE26F4051}.Release|Any CPU.ActiveCfg = Release|Any CPU
		{DCBE5758-6402-4B8F-9677-A7ECE26F4051}.Release|Any CPU.Build.0 = Release|Any CPU
		{88F6A600-E42F-4C7F-A9CC-ABED852DD908}.Debug|Any CPU.ActiveCfg = Debug|Any CPU
		{88F6A600-E42F-4C7F-A9CC-ABED852DD908}.Debug|Any CPU.Build.0 = Debug|Any CPU
		{88F6A600-E42F-4C7F-A9CC-ABED852DD908}.Release|Any CPU.ActiveCfg = Release|Any CPU
		{88F6A600-E42F-4C7F-A9CC-ABED852DD908}.Release|Any CPU.Build.0 = Release|Any CPU
		{E8C351C2-7352-478F-95DA-88B9C73765BC}.Debug|Any CPU.ActiveCfg = Debug|Any CPU
		{E8C351C2-7352-478F-95DA-88B9C73765BC}.Debug|Any CPU.Build.0 = Debug|Any CPU
		{E8C351C2-7352-478F-95DA-88B9C73765BC}.Release|Any CPU.ActiveCfg = Release|Any CPU
		{E8C351C2-7352-478F-95DA-88B9C73765BC}.Release|Any CPU.Build.0 = Release|Any CPU
	EndGlobalSection
	GlobalSection(SolutionProperties) = preSolution
		HideSolutionNode = FALSE
	EndGlobalSection
	GlobalSection(NestedProjects) = preSolution
		{51165F08-003D-45DC-BAA1-ABA84ECF4DD9} = {0F78A421-3A27-4D7B-B7EA-7C25D5F9BAB2}
		{46B28EA0-03C0-4235-BDDE-9CD4DEB85E36} = {0F78A421-3A27-4D7B-B7EA-7C25D5F9BAB2}
		{C466EF5D-DA4D-42EF-A72E-7D34FE9AC85C} = {0F78A421-3A27-4D7B-B7EA-7C25D5F9BAB2}
		{DCBE5758-6402-4B8F-9677-A7ECE26F4051} = {0F78A421-3A27-4D7B-B7EA-7C25D5F9BAB2}
		{7698FD0A-A4D2-4034-990A-77ED3468AB52} = {4C825751-C540-4B2A-97F4-2E0D7B2D69F4}
		{7997AC5A-AC8A-4824-9A90-F765F84C2116} = {4C825751-C540-4B2A-97F4-2E0D7B2D69F4}
		{363DD4A0-7018-45B5-B339-D2964D01C1F8} = {4C825751-C540-4B2A-97F4-2E0D7B2D69F4}
		{176C4A33-5FEF-498A-80D4-4A332010D966} = {4C825751-C540-4B2A-97F4-2E0D7B2D69F4}
		{E8C351C2-7352-478F-95DA-88B9C73765BC} = {4C825751-C540-4B2A-97F4-2E0D7B2D69F4}
		{88F6A600-E42F-4C7F-A9CC-ABED852DD908} = {F17A4F5A-A7F2-4101-9664-D7DB90A38A6C}
	EndGlobalSection
EndGlobal
